{
  "name": "auto-update-build",
  "version": "1.0.0",
  "lockfileVersion": 3,
  "requires": true,
  "packages": {
    "": {
      "name": "auto-update-build",
      "version": "1.0.0",
      "license": "ISC",
      "dependencies": {
        "h3": "^1.10.1"
      }
    },
    "node_modules/consola": {
      "version": "3.2.3",
      "resolved": "https://registry.npmmirror.com/consola/-/consola-3.2.3.tgz",
      "integrity": "sha512-I5qxpzLv+sJhTVEoLYNcTW+bThDCPsit0vLNKShZx6rLtpilNpmmeTPaeqJb9ZE9dV3DGaeby6Vuhrw38WjeyQ==",
      "engines": {
        "node": "^14.18.0 || >=16.10.0"
      }
    },
    "node_modules/cookie-es": {
      "version": "1.0.0",
      "resolved": "https://registry.npmmirror.com/cookie-es/-/cookie-es-1.0.0.tgz",
      "integrity": "sha512-mWYvfOLrfEc996hlKcdABeIiPHUPC6DM2QYZdGGOvhOTbA3tjm2eBwqlJpoFdjC89NI4Qt6h0Pu06Mp+1Pj5OQ=="
    },
    "node_modules/defu": {
      "version": "6.1.4",
      "resolved": "https://registry.npmmirror.com/defu/-/defu-6.1.4.tgz",
      "integrity": "sha512-mEQCMmwJu317oSz8CwdIOdwf3xMif1ttiM8LTufzc3g6kR+9Pe236twL8j3IYT1F7GfRgGcW6MWxzZjLIkuHIg=="
    },
    "node_modules/destr": {
      "version": "2.0.2",
      "resolved": "https://registry.npmmirror.com/destr/-/destr-2.0.2.tgz",
      "integrity": "sha512-65AlobnZMiCET00KaFFjUefxDX0khFA/E4myqZ7a6Sq1yZtR8+FVIvilVX66vF2uobSumxooYZChiRPCKNqhmg=="
    },
    "node_modules/h3": {
      "version": "1.10.1",
      "resolved": "https://registry.npmmirror.com/h3/-/h3-1.10.1.tgz",
      "integrity": "sha512-UBAUp47hmm4BB5/njB4LrEa9gpuvZj4/Qf/ynSMzO6Ku2RXaouxEfiG2E2IFnv6fxbhAkzjasDxmo6DFdEeXRg==",
      "dependencies": {
        "cookie-es": "^1.0.0",
        "defu": "^6.1.4",
        "destr": "^2.0.2",
        "iron-webcrypto": "^1.0.0",
        "ohash": "^1.1.3",
        "radix3": "^1.1.0",
        "ufo": "^1.3.2",
        "uncrypto": "^0.1.3",
        "unenv": "^1.9.0"
      }
    },
    "node_modules/iron-webcrypto": {
      "version": "1.0.0",
      "resolved": "https://registry.npmmirror.com/iron-webcrypto/-/iron-webcrypto-1.0.0.tgz",
      "integrity": "sha512-anOK1Mktt8U1Xi7fCM3RELTuYbnFikQY5VtrDj7kPgpejV7d43tWKhzgioO0zpkazLEL/j/iayRqnJhrGfqUsg=="
    },
    "node_modules/mime": {
      "version": "3.0.0",
      "resolved": "https://registry.npmmirror.com/mime/-/mime-3.0.0.tgz",
      "integrity": "sha512-jSCU7/VB1loIWBZe14aEYHU/+1UMEHoaO7qxCOVJOw9GgH72VAWppxNcjU+x9a2k3GSIBXNKxXQFqRvvZ7vr3A==",
      "bin": {
        "mime": "cli.js"
      },
      "engines": {
        "node": ">=10.0.0"
      }
    },
    "node_modules/node-fetch-native": {
      "version": "1.6.2",
      "resolved": "https://registry.npmmirror.com/node-fetch-native/-/node-fetch-native-1.6.2.tgz",
      "integrity": "sha512-69mtXOFZ6hSkYiXAVB5SqaRvrbITC/NPyqv7yuu/qw0nmgPyYbIMYYNIDhNtwPrzk0ptrimrLz/hhjvm4w5Z+w=="
    },
    "node_modules/ohash": {
      "version": "1.1.3",
      "resolved": "https://registry.npmmirror.com/ohash/-/ohash-1.1.3.tgz",
      "integrity": "sha512-zuHHiGTYTA1sYJ/wZN+t5HKZaH23i4yI1HMwbuXm24Nid7Dv0KcuRlKoNKS9UNfAVSBlnGLcuQrnOKWOZoEGaw=="
    },
    "node_modules/pathe": {
      "version": "1.1.2",
      "resolved": "https://registry.npmmirror.com/pathe/-/pathe-1.1.2.tgz",
      "integrity": "sha512-whLdWMYL2TwI08hn8/ZqAbrVemu0LNaNNJZX73O6qaIdCTfXutsLhMkjdENX0qhsQ9uIimo4/aQOmXkoon2nDQ=="
    },
    "node_modules/radix3": {
      "version": "1.1.0",
      "resolved": "https://registry.npmmirror.com/radix3/-/radix3-1.1.0.tgz",
      "integrity": "sha512-pNsHDxbGORSvuSScqNJ+3Km6QAVqk8CfsCBIEoDgpqLrkD2f3QM4I7d1ozJJ172OmIcoUcerZaNWqtLkRXTV3A=="
    },
    "node_modules/ufo": {
      "version": "1.4.0",
      "resolved": "https://registry.npmmirror.com/ufo/-/ufo-1.4.0.tgz",
      "integrity": "sha512-Hhy+BhRBleFjpJ2vchUNN40qgkh0366FWJGqVLYBHev0vpHTrXSA0ryT+74UiW6KWsldNurQMKGqCm1M2zBciQ=="
    },
    "node_modules/uncrypto": {
      "version": "0.1.3",
      "resolved": "https://registry.npmmirror.com/uncrypto/-/uncrypto-0.1.3.tgz",
      "integrity": "sha512-Ql87qFHB3s/De2ClA9e0gsnS6zXG27SkTiSJwjCc9MebbfapQfuPzumMIUMi38ezPZVNFcHI9sUIepeQfw8J8Q=="
    },
    "node_modules/unenv": {
      "version": "1.9.0",
      "resolved": "https://registry.npmmirror.com/unenv/-/unenv-1.9.0.tgz",
      "integrity": "sha512-QKnFNznRxmbOF1hDgzpqrlIf6NC5sbZ2OJ+5Wl3OX8uM+LUJXbj4TXvLJCtwbPTmbMHCLIz6JLKNinNsMShK9g==",
      "dependencies": {
        "consola": "^3.2.3",
        "defu": "^6.1.3",
        "mime": "^3.0.0",
        "node-fetch-native": "^1.6.1",
        "pathe": "^1.1.1"
      }
    }
  }
}
